
Microsoft Visual Studio Solution File, Format Version 12.00
# Visual Studio Version 16
VisualStudioVersion = 16.0.31729.503
MinimumVisualStudioVersion = 10.0.40219.1
Project("{FAE04EC0-301F-11D3-BF4B-00C04F79EFBC}") = "ClientChatApp_098_MuhammadFariza", "ClientChatApp_098_MuhammadFariza\ClientChatApp_098_MuhammadFariza.csproj", "{71D1D511-686A-4C08-AF76-AFB7BF9F4C3E}"
EndProject
Global
	GlobalSection(SolutionConfigurationPlatforms) = preSolution
		Debug|Any CPU = Debug|Any CPU
		Release|Any CPU = Release|Any CPU
	EndGlobalSection
	GlobalSection(ProjectConfigurationPlatforms) = postSolution
		{71D1D511-686A-4C08-AF76-AFB7BF9F4C3E}.Debug|Any CPU.ActiveCfg = Debug|Any CPU
		{71D1D511-686A-4C08-AF76-AFB7BF9F4C3E}.Debug|Any CPU.Build.0 = Debug|Any CPU
		{71D1D511-686A-4C08-AF76-AFB7BF9F4C3E}.Release|Any CPU.ActiveCfg = Release|Any CPU
		{71D1D511-686A-4C08-AF76-AFB7BF9F4C3E}.Release|Any CPU.Build.0 = Release|Any CPU
	EndGlobalSection
	GlobalSection(SolutionProperties) = preSolution
		HideSolutionNode = FALSE
	EndGlobalSection
	GlobalSection(ExtensibilityGlobals) = postSolution
		SolutionGuid = {D6388D08-B6D2-4FA8-AB3B-1C2BE63BEDA2}
	EndGlobalSection
EndGlobal
